
Microsoft Visual Studio Solution File, Format Version 12.00
# Visual Studio Version 16
VisualStudioVersion = 16.0.30309.148
MinimumVisualStudioVersion = 10.0.40219.1
Project("{FAE04EC0-301F-11D3-BF4B-00C04F79EFBC}") = "AppCustomerDemo", "AppCustomerDemo.csproj", "{97D888D6-24DB-4C7B-BA39-77928AB58E7E}"
EndProject
Global
	GlobalSection(SolutionConfigurationPlatforms) = preSolution
		Debug|Any CPU = Debug|Any CPU
		Release|Any CPU = Release|Any CPU
	EndGlobalSection
	GlobalSection(ProjectConfigurationPlatforms) = postSolution
		{97D888D6-24DB-4C7B-BA39-77928AB58E7E}.Debug|Any CPU.ActiveCfg = Debug|Any CPU
		{97D888D6-24DB-4C7B-BA39-77928AB58E7E}.Debug|Any CPU.Build.0 = Debug|Any CPU
		{97D888D6-24DB-4C7B-BA39-77928AB58E7E}.Release|Any CPU.ActiveCfg = Release|Any CPU
		{97D888D6-24DB-4C7B-BA39-77928AB58E7E}.Release|Any CPU.Build.0 = Release|Any CPU
	EndGlobalSection
	GlobalSection(SolutionProperties) = preSolution
		HideSolutionNode = FALSE
	EndGlobalSection
	GlobalSection(ExtensibilityGlobals) = postSolution
		SolutionGuid = {BDDA5196-029D-42BC-AC15-F3F61C5844B4}
	EndGlobalSection
EndGlobal
